// !$*UTF8*$!
{
	archiveVersion = 1;
	classes = {
	};
	objectVersion = 56;
	objects = {

/* Begin PBXBuildFile section */
		891490CE2BFB354B007D1817 /* YandexMapView.swift in Sources */ = {isa = PBXBuildFile; fileRef = 891490CD2BFB354B007D1817 /* YandexMapView.swift */; };
		EEA5CEFEF8FC462418AC1AD3 /* Pods_RecyclingApp.framework in Frameworks */ = {isa = PBXBuildFile; fileRef = 4C105D463D509E278C1475D6 /* Pods_RecyclingApp.framework */; };
		F9018CFE2B5EBE8D00FF71B9 /* UIColor_extension.swift in Sources */ = {isa = PBXBuildFile; fileRef = F9018CFD2B5EBE8D00FF71B9 /* UIColor_extension.swift */; };
		F95C20222BFB9A2B00DBED6A /* LocationPreviewView.swift in Sources */ = {isa = PBXBuildFile; fileRef = F95C20212BFB9A2B00DBED6A /* LocationPreviewView.swift */; };
		F96DA57F2B5C0AFF00EFAD52 /* AppDelegate.swift in Sources */ = {isa = PBXBuildFile; fileRef = F96DA57E2B5C0AFF00EFAD52 /* AppDelegate.swift */; };
		F96DA5832B5C0AFF00EFAD52 /* ViewController.swift in Sources */ = {isa = PBXBuildFile; fileRef = F96DA5822B5C0AFF00EFAD52 /* ViewController.swift */; };
		F96DA5862B5C0AFF00EFAD52 /* Main.storyboard in Resources */ = {isa = PBXBuildFile; fileRef = F96DA5842B5C0AFF00EFAD52 /* Main.storyboard */; };
		F96DA58B2B5C0B0000EFAD52 /* LaunchScreen.storyboard in Resources */ = {isa = PBXBuildFile; fileRef = F96DA5892B5C0B0000EFAD52 /* LaunchScreen.storyboard */; };
		F96DA5922B5C134300EFAD52 /* Assets.xcassets in Resources */ = {isa = PBXBuildFile; fileRef = F96DA5872B5C0B0000EFAD52 /* Assets.xcassets */; };
		F96DA5962B5C20F100EFAD52 /* AlertService.swift in Sources */ = {isa = PBXBuildFile; fileRef = F96DA5952B5C20F100EFAD52 /* AlertService.swift */; };
		F96DA5982B5C211D00EFAD52 /* NetworkingService.swift in Sources */ = {isa = PBXBuildFile; fileRef = F96DA5972B5C211D00EFAD52 /* NetworkingService.swift */; };
		F96DA59A2B5C216D00EFAD52 /* Message.swift in Sources */ = {isa = PBXBuildFile; fileRef = F96DA5992B5C216D00EFAD52 /* Message.swift */; };
		F96DA59C2B5C218700EFAD52 /* Login.swift in Sources */ = {isa = PBXBuildFile; fileRef = F96DA59B2B5C218700EFAD52 /* Login.swift */; };
		F96DA59E2B5C21B100EFAD52 /* ErrorResponse.swift in Sources */ = {isa = PBXBuildFile; fileRef = F96DA59D2B5C21B100EFAD52 /* ErrorResponse.swift */; };
		F96DA5A22B5C249000EFAD52 /* FormTextField.swift in Sources */ = {isa = PBXBuildFile; fileRef = F96DA5A12B5C249000EFAD52 /* FormTextField.swift */; };
		F96DA5A42B5C27FA00EFAD52 /* LoginViewController.swift in Sources */ = {isa = PBXBuildFile; fileRef = F96DA5A32B5C27FA00EFAD52 /* LoginViewController.swift */; };
		F96DA5A82B5C57DA00EFAD52 /* ProfileViewController.swift in Sources */ = {isa = PBXBuildFile; fileRef = F96DA5A72B5C57DA00EFAD52 /* ProfileViewController.swift */; };
		F96DA5AA2B5C627300EFAD52 /* User.swift in Sources */ = {isa = PBXBuildFile; fileRef = F96DA5A92B5C627300EFAD52 /* User.swift */; };
		F96DA5AC2B5C706A00EFAD52 /* CreateAccountViewController.swift in Sources */ = {isa = PBXBuildFile; fileRef = F96DA5AB2B5C706A00EFAD52 /* CreateAccountViewController.swift */; };
		F96DA5AE2B5C73EB00EFAD52 /* AccountSend.swift in Sources */ = {isa = PBXBuildFile; fileRef = F96DA5AD2B5C73EB00EFAD52 /* AccountSend.swift */; };
		F96DA5B02B5C7D4300EFAD52 /* AccountRecieved.swift in Sources */ = {isa = PBXBuildFile; fileRef = F96DA5AF2B5C7D4300EFAD52 /* AccountRecieved.swift */; };
		F9B8D7022BF93DAF000C6192 /* MainApp.storyboard in Resources */ = {isa = PBXBuildFile; fileRef = F9B8D7012BF93DAF000C6192 /* MainApp.storyboard */; };
		F9B8D7042BF946A0000C6192 /* UINavViewController.swift in Sources */ = {isa = PBXBuildFile; fileRef = F9B8D7032BF946A0000C6192 /* UINavViewController.swift */; };
		F9B8D7072BF9495A000C6192 /* UserDefaults+Extension.swift in Sources */ = {isa = PBXBuildFile; fileRef = F9B8D7062BF9495A000C6192 /* UserDefaults+Extension.swift */; };
		F9B8D70A2BF9566D000C6192 /* MainApp.swift in Sources */ = {isa = PBXBuildFile; fileRef = F9B8D7092BF9566D000C6192 /* MainApp.swift */; };
		F9B8D70C2BF957E3000C6192 /* CustomTabBar.swift in Sources */ = {isa = PBXBuildFile; fileRef = F9B8D70B2BF957E3000C6192 /* CustomTabBar.swift */; };
		F9B8D70E2BF962EA000C6192 /* TabCurve.swift in Sources */ = {isa = PBXBuildFile; fileRef = F9B8D70D2BF962EA000C6192 /* TabCurve.swift */; };
		F9B8D7102BF9786C000C6192 /* TabBarState.swift in Sources */ = {isa = PBXBuildFile; fileRef = F9B8D70F2BF9786C000C6192 /* TabBarState.swift */; };
		F9B8D7122BF9869D000C6192 /* TabBarDelegate.swift in Sources */ = {isa = PBXBuildFile; fileRef = F9B8D7112BF9869D000C6192 /* TabBarDelegate.swift */; };
		F9D27A2C2BF8D38F0020B6E9 /* MapViewController.swift in Sources */ = {isa = PBXBuildFile; fileRef = F9D27A2B2BF8D38F0020B6E9 /* MapViewController.swift */; };
		F9E0AED82BFA261F00C47926 /* Const.swift in Sources */ = {isa = PBXBuildFile; fileRef = F9E0AED72BFA261F00C47926 /* Const.swift */; };
		F9E0AEDB2BFA334700C47926 /* Palette.swift in Sources */ = {isa = PBXBuildFile; fileRef = F9E0AEDA2BFA334700C47926 /* Palette.swift */; };
		F9E55E042BFA3CAF00BD720D /* SceneDelegate.swift in Sources */ = {isa = PBXBuildFile; fileRef = F96DA5802B5C0AFF00EFAD52 /* SceneDelegate.swift */; };
		F9E55E062BFA3DD000BD720D /* LocationsDataService.swift in Sources */ = {isa = PBXBuildFile; fileRef = F9E55E052BFA3DD000BD720D /* LocationsDataService.swift */; };
		F9E55E0B2BFA402E00BD720D /* Location.swift in Sources */ = {isa = PBXBuildFile; fileRef = F9E55E0A2BFA402E00BD720D /* Location.swift */; };
		F9E55E0E2BFA429F00BD720D /* LocationsView.swift in Sources */ = {isa = PBXBuildFile; fileRef = F9E55E0D2BFA429F00BD720D /* LocationsView.swift */; };
		F9E55E122BFA4ADE00BD720D /* LocationsViewModel.swift in Sources */ = {isa = PBXBuildFile; fileRef = F9E55E112BFA4ADE00BD720D /* LocationsViewModel.swift */; };
		F9E55E142BFA591700BD720D /* TestViewController.swift in Sources */ = {isa = PBXBuildFile; fileRef = F9E55E132BFA591700BD720D /* TestViewController.swift */; };
		F9E55E162BFAC48D00BD720D /* LocationsListView.swift in Sources */ = {isa = PBXBuildFile; fileRef = F9E55E152BFAC48D00BD720D /* LocationsListView.swift */; };
		F9F814DC2BEF98AF00E9DE48 /* TabBarViewController.swift in Sources */ = {isa = PBXBuildFile; fileRef = F9F814DB2BEF98AF00E9DE48 /* TabBarViewController.swift */; };
		F9F814DE2BEF9F4D00E9DE48 /* ProfileNavigationController.swift in Sources */ = {isa = PBXBuildFile; fileRef = F9F814DD2BEF9F4D00E9DE48 /* ProfileNavigationController.swift */; };
/* End PBXBuildFile section */

/* Begin PBXFileReference section */
		20304B05B9D44E057B0C8D5C /* Pods-RecyclingApp.debug.xcconfig */ = {isa = PBXFileReference; includeInIndex = 1; lastKnownFileType = text.xcconfig; name = "Pods-RecyclingApp.debug.xcconfig"; path = "Target Support Files/Pods-RecyclingApp/Pods-RecyclingApp.debug.xcconfig"; sourceTree = "<group>"; };
		4C105D463D509E278C1475D6 /* Pods_RecyclingApp.framework */ = {isa = PBXFileReference; explicitFileType = wrapper.framework; includeInIndex = 0; path = Pods_RecyclingApp.framework; sourceTree = BUILT_PRODUCTS_DIR; };
		891490CD2BFB354B007D1817 /* YandexMapView.swift */ = {isa = PBXFileReference; lastKnownFileType = sourcecode.swift; path = YandexMapView.swift; sourceTree = "<group>"; };
		EF61348A29A328DB4D3CCD78 /* Pods-RecyclingApp.release.xcconfig */ = {isa = PBXFileReference; includeInIndex = 1; lastKnownFileType = text.xcconfig; name = "Pods-RecyclingApp.release.xcconfig"; path = "Target Support Files/Pods-RecyclingApp/Pods-RecyclingApp.release.xcconfig"; sourceTree = "<group>"; };
		F9018CFD2B5EBE8D00FF71B9 /* UIColor_extension.swift */ = {isa = PBXFileReference; lastKnownFileType = sourcecode.swift; path = UIColor_extension.swift; sourceTree = "<group>"; };
		F95C20212BFB9A2B00DBED6A /* LocationPreviewView.swift */ = {isa = PBXFileReference; lastKnownFileType = sourcecode.swift; path = LocationPreviewView.swift; sourceTree = "<group>"; };
		F96DA57B2B5C0AFF00EFAD52 /* RecyclingApp.app */ = {isa = PBXFileReference; explicitFileType = wrapper.application; includeInIndex = 0; path = RecyclingApp.app; sourceTree = BUILT_PRODUCTS_DIR; };
		F96DA57E2B5C0AFF00EFAD52 /* AppDelegate.swift */ = {isa = PBXFileReference; lastKnownFileType = sourcecode.swift; path = AppDelegate.swift; sourceTree = "<group>"; };
		F96DA5802B5C0AFF00EFAD52 /* SceneDelegate.swift */ = {isa = PBXFileReference; lastKnownFileType = sourcecode.swift; path = SceneDelegate.swift; sourceTree = "<group>"; };
		F96DA5822B5C0AFF00EFAD52 /* ViewController.swift */ = {isa = PBXFileReference; lastKnownFileType = sourcecode.swift; path = ViewController.swift; sourceTree = "<group>"; };
		F96DA5852B5C0AFF00EFAD52 /* Base */ = {isa = PBXFileReference; lastKnownFileType = file.storyboard; name = Base; path = Base.lproj/Main.storyboard; sourceTree = "<group>"; };
		F96DA5872B5C0B0000EFAD52 /* Assets.xcassets */ = {isa = PBXFileReference; lastKnownFileType = folder.assetcatalog; path = Assets.xcassets; sourceTree = "<group>"; };
		F96DA58A2B5C0B0000EFAD52 /* Base */ = {isa = PBXFileReference; lastKnownFileType = file.storyboard; name = Base; path = Base.lproj/LaunchScreen.storyboard; sourceTree = "<group>"; };
		F96DA58C2B5C0B0000EFAD52 /* Info.plist */ = {isa = PBXFileReference; lastKnownFileType = text.plist.xml; path = Info.plist; sourceTree = "<group>"; };
		F96DA5952B5C20F100EFAD52 /* AlertService.swift */ = {isa = PBXFileReference; lastKnownFileType = sourcecode.swift; path = AlertService.swift; sourceTree = "<group>"; };
		F96DA5972B5C211D00EFAD52 /* NetworkingService.swift */ = {isa = PBXFileReference; lastKnownFileType = sourcecode.swift; path = NetworkingService.swift; sourceTree = "<group>"; };
		F96DA5992B5C216D00EFAD52 /* Message.swift */ = {isa = PBXFileReference; lastKnownFileType = sourcecode.swift; path = Message.swift; sourceTree = "<group>"; };
		F96DA59B2B5C218700EFAD52 /* Login.swift */ = {isa = PBXFileReference; lastKnownFileType = sourcecode.swift; path = Login.swift; sourceTree = "<group>"; };
		F96DA59D2B5C21B100EFAD52 /* ErrorResponse.swift */ = {isa = PBXFileReference; lastKnownFileType = sourcecode.swift; path = ErrorResponse.swift; sourceTree = "<group>"; };
		F96DA5A12B5C249000EFAD52 /* FormTextField.swift */ = {isa = PBXFileReference; lastKnownFileType = sourcecode.swift; path = FormTextField.swift; sourceTree = "<group>"; };
		F96DA5A32B5C27FA00EFAD52 /* LoginViewController.swift */ = {isa = PBXFileReference; lastKnownFileType = sourcecode.swift; path = LoginViewController.swift; sourceTree = "<group>"; };
		F96DA5A72B5C57DA00EFAD52 /* ProfileViewController.swift */ = {isa = PBXFileReference; lastKnownFileType = sourcecode.swift; path = ProfileViewController.swift; sourceTree = "<group>"; };
		F96DA5A92B5C627300EFAD52 /* User.swift */ = {isa = PBXFileReference; lastKnownFileType = sourcecode.swift; path = User.swift; sourceTree = "<group>"; };
		F96DA5AB2B5C706A00EFAD52 /* CreateAccountViewController.swift */ = {isa = PBXFileReference; lastKnownFileType = sourcecode.swift; path = CreateAccountViewController.swift; sourceTree = "<group>"; };
		F96DA5AD2B5C73EB00EFAD52 /* AccountSend.swift */ = {isa = PBXFileReference; lastKnownFileType = sourcecode.swift; path = AccountSend.swift; sourceTree = "<group>"; };
		F96DA5AF2B5C7D4300EFAD52 /* AccountRecieved.swift */ = {isa = PBXFileReference; lastKnownFileType = sourcecode.swift; path = AccountRecieved.swift; sourceTree = "<group>"; };
		F9B8D7012BF93DAF000C6192 /* MainApp.storyboard */ = {isa = PBXFileReference; lastKnownFileType = file.storyboard; path = MainApp.storyboard; sourceTree = "<group>"; };
		F9B8D7032BF946A0000C6192 /* UINavViewController.swift */ = {isa = PBXFileReference; lastKnownFileType = sourcecode.swift; path = UINavViewController.swift; sourceTree = "<group>"; };
		F9B8D7062BF9495A000C6192 /* UserDefaults+Extension.swift */ = {isa = PBXFileReference; lastKnownFileType = sourcecode.swift; path = "UserDefaults+Extension.swift"; sourceTree = "<group>"; };
		F9B8D7092BF9566D000C6192 /* MainApp.swift */ = {isa = PBXFileReference; lastKnownFileType = sourcecode.swift; path = MainApp.swift; sourceTree = "<group>"; };
		F9B8D70B2BF957E3000C6192 /* CustomTabBar.swift */ = {isa = PBXFileReference; lastKnownFileType = sourcecode.swift; path = CustomTabBar.swift; sourceTree = "<group>"; };
		F9B8D70D2BF962EA000C6192 /* TabCurve.swift */ = {isa = PBXFileReference; lastKnownFileType = sourcecode.swift; path = TabCurve.swift; sourceTree = "<group>"; };
		F9B8D70F2BF9786C000C6192 /* TabBarState.swift */ = {isa = PBXFileReference; lastKnownFileType = sourcecode.swift; path = TabBarState.swift; sourceTree = "<group>"; };
		F9B8D7112BF9869D000C6192 /* TabBarDelegate.swift */ = {isa = PBXFileReference; lastKnownFileType = sourcecode.swift; path = TabBarDelegate.swift; sourceTree = "<group>"; };
		F9D27A2B2BF8D38F0020B6E9 /* MapViewController.swift */ = {isa = PBXFileReference; lastKnownFileType = sourcecode.swift; path = MapViewController.swift; sourceTree = "<group>"; };
		F9E0AED72BFA261F00C47926 /* Const.swift */ = {isa = PBXFileReference; lastKnownFileType = sourcecode.swift; path = Const.swift; sourceTree = "<group>"; };
		F9E0AEDA2BFA334700C47926 /* Palette.swift */ = {isa = PBXFileReference; lastKnownFileType = sourcecode.swift; path = Palette.swift; sourceTree = "<group>"; };
		F9E55E052BFA3DD000BD720D /* LocationsDataService.swift */ = {isa = PBXFileReference; fileEncoding = 4; lastKnownFileType = sourcecode.swift; name = LocationsDataService.swift; path = RecyclingApp/DataServices/LocationsDataService.swift; sourceTree = SOURCE_ROOT; };
		F9E55E0A2BFA402E00BD720D /* Location.swift */ = {isa = PBXFileReference; lastKnownFileType = sourcecode.swift; path = Location.swift; sourceTree = "<group>"; };
		F9E55E0D2BFA429F00BD720D /* LocationsView.swift */ = {isa = PBXFileReference; lastKnownFileType = sourcecode.swift; path = LocationsView.swift; sourceTree = "<group>"; };
		F9E55E112BFA4ADE00BD720D /* LocationsViewModel.swift */ = {isa = PBXFileReference; lastKnownFileType = sourcecode.swift; path = LocationsViewModel.swift; sourceTree = "<group>"; };
		F9E55E132BFA591700BD720D /* TestViewController.swift */ = {isa = PBXFileReference; lastKnownFileType = sourcecode.swift; path = TestViewController.swift; sourceTree = "<group>"; };
		F9E55E152BFAC48D00BD720D /* LocationsListView.swift */ = {isa = PBXFileReference; lastKnownFileType = sourcecode.swift; path = LocationsListView.swift; sourceTree = "<group>"; };
		F9F814DB2BEF98AF00E9DE48 /* TabBarViewController.swift */ = {isa = PBXFileReference; lastKnownFileType = sourcecode.swift; path = TabBarViewController.swift; sourceTree = "<group>"; };
		F9F814DD2BEF9F4D00E9DE48 /* ProfileNavigationController.swift */ = {isa = PBXFileReference; lastKnownFileType = sourcecode.swift; path = ProfileNavigationController.swift; sourceTree = "<group>"; };
/* End PBXFileReference section */

/* Begin PBXFrameworksBuildPhase section */
		F96DA5782B5C0AFF00EFAD52 /* Frameworks */ = {
			isa = PBXFrameworksBuildPhase;
			buildActionMask = 2147483647;
			files = (
				EEA5CEFEF8FC462418AC1AD3 /* Pods_RecyclingApp.framework in Frameworks */,
			);
			runOnlyForDeploymentPostprocessing = 0;
		};
/* End PBXFrameworksBuildPhase section */

/* Begin PBXGroup section */
		060EC448E2E03CE0ED30D1B5 /* Pods */ = {
			isa = PBXGroup;
			children = (
				20304B05B9D44E057B0C8D5C /* Pods-RecyclingApp.debug.xcconfig */,
				EF61348A29A328DB4D3CCD78 /* Pods-RecyclingApp.release.xcconfig */,
			);
			path = Pods;
			sourceTree = "<group>";
		};
		372E07DF06B98AA8DC3CFDDB /* Frameworks */ = {
			isa = PBXGroup;
			children = (
				4C105D463D509E278C1475D6 /* Pods_RecyclingApp.framework */,
			);
			name = Frameworks;
			sourceTree = "<group>";
		};
		F96DA5722B5C0AFF00EFAD52 = {
			isa = PBXGroup;
			children = (
				F96DA57D2B5C0AFF00EFAD52 /* RecyclingApp */,
				F96DA57C2B5C0AFF00EFAD52 /* Products */,
				060EC448E2E03CE0ED30D1B5 /* Pods */,
				372E07DF06B98AA8DC3CFDDB /* Frameworks */,
			);
			sourceTree = "<group>";
		};
		F96DA57C2B5C0AFF00EFAD52 /* Products */ = {
			isa = PBXGroup;
			children = (
				F96DA57B2B5C0AFF00EFAD52 /* RecyclingApp.app */,
			);
			name = Products;
			sourceTree = "<group>";
		};
		F96DA57D2B5C0AFF00EFAD52 /* RecyclingApp */ = {
			isa = PBXGroup;
			children = (
				F9E55E0C2BFA412B00BD720D /* DataServices */,
				F9E55E082BFA3FE800BD720D /* Views */,
				F9E55E092BFA3FF900BD720D /* ViewModels */,
				F9E55E072BFA3FD600BD720D /* Models */,
				F9E0AED92BFA333500C47926 /* Utils */,
				F9B8D7082BF95637000C6192 /* CustomTabBar */,
				F9B8D7052BF9492B000C6192 /* Extensions */,
				F96DA57E2B5C0AFF00EFAD52 /* AppDelegate.swift */,
				F96DA5802B5C0AFF00EFAD52 /* SceneDelegate.swift */,
				F9B8D7032BF946A0000C6192 /* UINavViewController.swift */,
				F96DA5822B5C0AFF00EFAD52 /* ViewController.swift */,
				F96DA5842B5C0AFF00EFAD52 /* Main.storyboard */,
				F96DA5872B5C0B0000EFAD52 /* Assets.xcassets */,
				F96DA5892B5C0B0000EFAD52 /* LaunchScreen.storyboard */,
				F96DA58C2B5C0B0000EFAD52 /* Info.plist */,
				F96DA5952B5C20F100EFAD52 /* AlertService.swift */,
				F96DA5972B5C211D00EFAD52 /* NetworkingService.swift */,
				F96DA5992B5C216D00EFAD52 /* Message.swift */,
				F96DA59B2B5C218700EFAD52 /* Login.swift */,
				F96DA59D2B5C21B100EFAD52 /* ErrorResponse.swift */,
				F96DA5A12B5C249000EFAD52 /* FormTextField.swift */,
				F96DA5A32B5C27FA00EFAD52 /* LoginViewController.swift */,
				F96DA5A72B5C57DA00EFAD52 /* ProfileViewController.swift */,
				F96DA5A92B5C627300EFAD52 /* User.swift */,
				F96DA5AB2B5C706A00EFAD52 /* CreateAccountViewController.swift */,
				F96DA5AD2B5C73EB00EFAD52 /* AccountSend.swift */,
				F96DA5AF2B5C7D4300EFAD52 /* AccountRecieved.swift */,
				F9018CFD2B5EBE8D00FF71B9 /* UIColor_extension.swift */,
				F9F814DB2BEF98AF00E9DE48 /* TabBarViewController.swift */,
				F9F814DD2BEF9F4D00E9DE48 /* ProfileNavigationController.swift */,
				F9D27A2B2BF8D38F0020B6E9 /* MapViewController.swift */,
				F9B8D7012BF93DAF000C6192 /* MainApp.storyboard */,
				F9E0AED72BFA261F00C47926 /* Const.swift */,
				F9E55E132BFA591700BD720D /* TestViewController.swift */,
			);
			path = RecyclingApp;
			sourceTree = "<group>";
		};
		F9B8D7052BF9492B000C6192 /* Extensions */ = {
			isa = PBXGroup;
			children = (
				F9B8D7062BF9495A000C6192 /* UserDefaults+Extension.swift */,
			);
			path = Extensions;
			sourceTree = "<group>";
		};
		F9B8D7082BF95637000C6192 /* CustomTabBar */ = {
			isa = PBXGroup;
			children = (
				F9B8D7092BF9566D000C6192 /* MainApp.swift */,
				F9B8D70B2BF957E3000C6192 /* CustomTabBar.swift */,
				F9B8D70D2BF962EA000C6192 /* TabCurve.swift */,
				F9B8D70F2BF9786C000C6192 /* TabBarState.swift */,
				F9B8D7112BF9869D000C6192 /* TabBarDelegate.swift */,
			);
			path = CustomTabBar;
			sourceTree = "<group>";
		};
		F9E0AED92BFA333500C47926 /* Utils */ = {
			isa = PBXGroup;
			children = (
				F9E0AEDA2BFA334700C47926 /* Palette.swift */,
			);
			path = Utils;
			sourceTree = "<group>";
		};
		F9E55E072BFA3FD600BD720D /* Models */ = {
			isa = PBXGroup;
			children = (
				F9E55E0A2BFA402E00BD720D /* Location.swift */,
			);
			path = Models;
			sourceTree = "<group>";
		};
		F9E55E082BFA3FE800BD720D /* Views */ = {
			isa = PBXGroup;
			children = (
				F9E55E0D2BFA429F00BD720D /* LocationsView.swift */,
				F9E55E152BFAC48D00BD720D /* LocationsListView.swift */,
				891490CD2BFB354B007D1817 /* YandexMapView.swift */,
				F95C20212BFB9A2B00DBED6A /* LocationPreviewView.swift */,
			);
			path = Views;
			sourceTree = "<group>";
		};
		F9E55E092BFA3FF900BD720D /* ViewModels */ = {
			isa = PBXGroup;
			children = (
				F9E55E112BFA4ADE00BD720D /* LocationsViewModel.swift */,
			);
			path = ViewModels;
			sourceTree = "<group>";
		};
		F9E55E0C2BFA412B00BD720D /* DataServices */ = {
			isa = PBXGroup;
			children = (
				F9E55E052BFA3DD000BD720D /* LocationsDataService.swift */,
			);
			path = DataServices;
			sourceTree = "<group>";
		};
/* End PBXGroup section */

/* Begin PBXNativeTarget section */
		F96DA57A2B5C0AFF00EFAD52 /* RecyclingApp */ = {
			isa = PBXNativeTarget;
			buildConfigurationList = F96DA58F2B5C0B0000EFAD52 /* Build configuration list for PBXNativeTarget "RecyclingApp" */;
			buildPhases = (
				020D8508426D73B13E094BC8 /* [CP] Check Pods Manifest.lock */,
				F96DA5772B5C0AFF00EFAD52 /* Sources */,
				F96DA5782B5C0AFF00EFAD52 /* Frameworks */,
				F96DA5792B5C0AFF00EFAD52 /* Resources */,
				6985B686DF5D4800BB02617E /* [CP] Copy Pods Resources */,
			);
			buildRules = (
			);
			dependencies = (
			);
			name = RecyclingApp;
			productName = RecyclingApp;
			productReference = F96DA57B2B5C0AFF00EFAD52 /* RecyclingApp.app */;
			productType = "com.apple.product-type.application";
		};
/* End PBXNativeTarget section */

/* Begin PBXProject section */
		F96DA5732B5C0AFF00EFAD52 /* Project object */ = {
			isa = PBXProject;
			attributes = {
				BuildIndependentTargetsInParallel = 1;
				LastSwiftUpdateCheck = 1520;
				LastUpgradeCheck = 1520;
				TargetAttributes = {
					F96DA57A2B5C0AFF00EFAD52 = {
						CreatedOnToolsVersion = 15.2;
					};
				};
			};
			buildConfigurationList = F96DA5762B5C0AFF00EFAD52 /* Build configuration list for PBXProject "RecyclingApp" */;
			compatibilityVersion = "Xcode 14.0";
			developmentRegion = en;
			hasScannedForEncodings = 0;
			knownRegions = (
				en,
				Base,
			);
			mainGroup = F96DA5722B5C0AFF00EFAD52;
			productRefGroup = F96DA57C2B5C0AFF00EFAD52 /* Products */;
			projectDirPath = "";
			projectRoot = "";
			targets = (
				F96DA57A2B5C0AFF00EFAD52 /* RecyclingApp */,
			);
		};
/* End PBXProject section */

/* Begin PBXResourcesBuildPhase section */
		F96DA5792B5C0AFF00EFAD52 /* Resources */ = {
			isa = PBXResourcesBuildPhase;
			buildActionMask = 2147483647;
			files = (
				F96DA58B2B5C0B0000EFAD52 /* LaunchScreen.storyboard in Resources */,
				F96DA5922B5C134300EFAD52 /* Assets.xcassets in Resources */,
				F96DA5862B5C0AFF00EFAD52 /* Main.storyboard in Resources */,
				F9B8D7022BF93DAF000C6192 /* MainApp.storyboard in Resources */,
			);
			runOnlyForDeploymentPostprocessing = 0;
		};
/* End PBXResourcesBuildPhase section */

/* Begin PBXShellScriptBuildPhase section */
		020D8508426D73B13E094BC8 /* [CP] Check Pods Manifest.lock */ = {
			isa = PBXShellScriptBuildPhase;
			buildActionMask = 2147483647;
			files = (
			);
			inputFileListPaths = (
			);
			inputPaths = (
				"${PODS_PODFILE_DIR_PATH}/Podfile.lock",
				"${PODS_ROOT}/Manifest.lock",
			);
			name = "[CP] Check Pods Manifest.lock";
			outputFileListPaths = (
			);
			outputPaths = (
				"$(DERIVED_FILE_DIR)/Pods-RecyclingApp-checkManifestLockResult.txt",
			);
			runOnlyForDeploymentPostprocessing = 0;
			shellPath = /bin/sh;
			shellScript = "diff \"${PODS_PODFILE_DIR_PATH}/Podfile.lock\" \"${PODS_ROOT}/Manifest.lock\" > /dev/null\nif [ $? != 0 ] ; then\n    # print error to STDERR\n    echo \"error: The sandbox is not in sync with the Podfile.lock. Run 'pod install' or update your CocoaPods installation.\" >&2\n    exit 1\nfi\n# This output is used by Xcode 'outputs' to avoid re-running this script phase.\necho \"SUCCESS\" > \"${SCRIPT_OUTPUT_FILE_0}\"\n";
			showEnvVarsInLog = 0;
		};
		6985B686DF5D4800BB02617E /* [CP] Copy Pods Resources */ = {
			isa = PBXShellScriptBuildPhase;
			buildActionMask = 2147483647;
			files = (
			);
			inputFileListPaths = (
				"${PODS_ROOT}/Target Support Files/Pods-RecyclingApp/Pods-RecyclingApp-resources-${CONFIGURATION}-input-files.xcfilelist",
			);
			name = "[CP] Copy Pods Resources";
			outputFileListPaths = (
				"${PODS_ROOT}/Target Support Files/Pods-RecyclingApp/Pods-RecyclingApp-resources-${CONFIGURATION}-output-files.xcfilelist",
			);
			runOnlyForDeploymentPostprocessing = 0;
			shellPath = /bin/sh;
			shellScript = "\"${PODS_ROOT}/Target Support Files/Pods-RecyclingApp/Pods-RecyclingApp-resources.sh\"\n";
			showEnvVarsInLog = 0;
		};
/* End PBXShellScriptBuildPhase section */

/* Begin PBXSourcesBuildPhase section */
		F96DA5772B5C0AFF00EFAD52 /* Sources */ = {
			isa = PBXSourcesBuildPhase;
			buildActionMask = 2147483647;
			files = (
				F96DA5A82B5C57DA00EFAD52 /* ProfileViewController.swift in Sources */,
				F96DA5962B5C20F100EFAD52 /* AlertService.swift in Sources */,
				F96DA5B02B5C7D4300EFAD52 /* AccountRecieved.swift in Sources */,
				F96DA5832B5C0AFF00EFAD52 /* ViewController.swift in Sources */,
				F9B8D7122BF9869D000C6192 /* TabBarDelegate.swift in Sources */,
				F96DA5982B5C211D00EFAD52 /* NetworkingService.swift in Sources */,
				F9B8D70C2BF957E3000C6192 /* CustomTabBar.swift in Sources */,
				891490CE2BFB354B007D1817 /* YandexMapView.swift in Sources */,
				F96DA57F2B5C0AFF00EFAD52 /* AppDelegate.swift in Sources */,
				F9E0AED82BFA261F00C47926 /* Const.swift in Sources */,
				F96DA5AC2B5C706A00EFAD52 /* CreateAccountViewController.swift in Sources */,
				F9D27A2C2BF8D38F0020B6E9 /* MapViewController.swift in Sources */,
				F9E55E122BFA4ADE00BD720D /* LocationsViewModel.swift in Sources */,
				F9F814DE2BEF9F4D00E9DE48 /* ProfileNavigationController.swift in Sources */,
				F9E55E142BFA591700BD720D /* TestViewController.swift in Sources */,
				F9E55E042BFA3CAF00BD720D /* SceneDelegate.swift in Sources */,
				F96DA59E2B5C21B100EFAD52 /* ErrorResponse.swift in Sources */,
				F9F814DC2BEF98AF00E9DE48 /* TabBarViewController.swift in Sources */,
				F9B8D70E2BF962EA000C6192 /* TabCurve.swift in Sources */,
				F96DA59A2B5C216D00EFAD52 /* Message.swift in Sources */,
				F9B8D7072BF9495A000C6192 /* UserDefaults+Extension.swift in Sources */,
				F9B8D70A2BF9566D000C6192 /* MainApp.swift in Sources */,
				F95C20222BFB9A2B00DBED6A /* LocationPreviewView.swift in Sources */,
				F96DA5AA2B5C627300EFAD52 /* User.swift in Sources */,
				F9B8D7042BF946A0000C6192 /* UINavViewController.swift in Sources */,
				F9018CFE2B5EBE8D00FF71B9 /* UIColor_extension.swift in Sources */,
				F9E55E0B2BFA402E00BD720D /* Location.swift in Sources */,
				F96DA59C2B5C218700EFAD52 /* Login.swift in Sources */,
				F9E55E0E2BFA429F00BD720D /* LocationsView.swift in Sources */,
				F96DA5A42B5C27FA00EFAD52 /* LoginViewController.swift in Sources */,
				F96DA5A22B5C249000EFAD52 /* FormTextField.swift in Sources */,
				F9B8D7102BF9786C000C6192 /* TabBarState.swift in Sources */,
				F9E55E062BFA3DD000BD720D /* LocationsDataService.swift in Sources */,
				F96DA5AE2B5C73EB00EFAD52 /* AccountSend.swift in Sources */,
				F9E0AEDB2BFA334700C47926 /* Palette.swift in Sources */,
				F9E55E162BFAC48D00BD720D /* LocationsListView.swift in Sources */,
			);
			runOnlyForDeploymentPostprocessing = 0;
		};
/* End PBXSourcesBuildPhase section */

/* Begin PBXVariantGroup section */
		F96DA5842B5C0AFF00EFAD52 /* Main.storyboard */ = {
			isa = PBXVariantGroup;
			children = (
				F96DA5852B5C0AFF00EFAD52 /* Base */,
			);
			name = Main.storyboard;
			sourceTree = "<group>";
		};
		F96DA5892B5C0B0000EFAD52 /* LaunchScreen.storyboard */ = {
			isa = PBXVariantGroup;
			children = (
				F96DA58A2B5C0B0000EFAD52 /* Base */,
			);
			name = LaunchScreen.storyboard;
			sourceTree = "<group>";
		};
/* End PBXVariantGroup section */

/* Begin XCBuildConfiguration section */
		F96DA58D2B5C0B0000EFAD52 /* Debug */ = {
			isa = XCBuildConfiguration;
			buildSettings = {
				ALWAYS_SEARCH_USER_PATHS = NO;
				ASSETCATALOG_COMPILER_GENERATE_SWIFT_ASSET_SYMBOL_EXTENSIONS = YES;
				CLANG_ANALYZER_NONNULL = YES;
				CLANG_ANALYZER_NUMBER_OBJECT_CONVERSION = YES_AGGRESSIVE;
				CLANG_CXX_LANGUAGE_STANDARD = "gnu++20";
				CLANG_ENABLE_MODULES = YES;
				CLANG_ENABLE_OBJC_ARC = YES;
				CLANG_ENABLE_OBJC_WEAK = YES;
				CLANG_WARN_BLOCK_CAPTURE_AUTORELEASING = YES;
				CLANG_WARN_BOOL_CONVERSION = YES;
				CLANG_WARN_COMMA = YES;
				CLANG_WARN_CONSTANT_CONVERSION = YES;
				CLANG_WARN_DEPRECATED_OBJC_IMPLEMENTATIONS = YES;
				CLANG_WARN_DIRECT_OBJC_ISA_USAGE = YES_ERROR;
				CLANG_WARN_DOCUMENTATION_COMMENTS = YES;
				CLANG_WARN_EMPTY_BODY = YES;
				CLANG_WARN_ENUM_CONVERSION = YES;
				CLANG_WARN_INFINITE_RECURSION = YES;
				CLANG_WARN_INT_CONVERSION = YES;
				CLANG_WARN_NON_LITERAL_NULL_CONVERSION = YES;
				CLANG_WARN_OBJC_IMPLICIT_RETAIN_SELF = YES;
				CLANG_WARN_OBJC_LITERAL_CONVERSION = YES;
				CLANG_WARN_OBJC_ROOT_CLASS = YES_ERROR;
				CLANG_WARN_QUOTED_INCLUDE_IN_FRAMEWORK_HEADER = YES;
				CLANG_WARN_RANGE_LOOP_ANALYSIS = YES;
				CLANG_WARN_STRICT_PROTOTYPES = YES;
				CLANG_WARN_SUSPICIOUS_MOVE = YES;
				CLANG_WARN_UNGUARDED_AVAILABILITY = YES_AGGRESSIVE;
				CLANG_WARN_UNREACHABLE_CODE = YES;
				CLANG_WARN__DUPLICATE_METHOD_MATCH = YES;
				COPY_PHASE_STRIP = NO;
				DEBUG_INFORMATION_FORMAT = dwarf;
				ENABLE_STRICT_OBJC_MSGSEND = YES;
				ENABLE_TESTABILITY = YES;
				ENABLE_USER_SCRIPT_SANDBOXING = NO;
				GCC_C_LANGUAGE_STANDARD = gnu17;
				GCC_DYNAMIC_NO_PIC = NO;
				GCC_NO_COMMON_BLOCKS = YES;
				GCC_OPTIMIZATION_LEVEL = 0;
				GCC_PREPROCESSOR_DEFINITIONS = (
					"DEBUG=1",
					"$(inherited)",
				);
				GCC_WARN_64_TO_32_BIT_CONVERSION = YES;
				GCC_WARN_ABOUT_RETURN_TYPE = YES_ERROR;
				GCC_WARN_UNDECLARED_SELECTOR = YES;
				GCC_WARN_UNINITIALIZED_AUTOS = YES_AGGRESSIVE;
				GCC_WARN_UNUSED_FUNCTION = YES;
				GCC_WARN_UNUSED_VARIABLE = YES;
				IPHONEOS_DEPLOYMENT_TARGET = 17.0;
				LOCALIZATION_PREFERS_STRING_CATALOGS = YES;
				MTL_ENABLE_DEBUG_INFO = INCLUDE_SOURCE;
				MTL_FAST_MATH = YES;
				ONLY_ACTIVE_ARCH = YES;
				SDKROOT = iphoneos;
				SWIFT_ACTIVE_COMPILATION_CONDITIONS = "DEBUG $(inherited)";
				SWIFT_OPTIMIZATION_LEVEL = "-Onone";
			};
			name = Debug;
		};
		F96DA58E2B5C0B0000EFAD52 /* Release */ = {
			isa = XCBuildConfiguration;
			buildSettings = {
				ALWAYS_SEARCH_USER_PATHS = NO;
				ASSETCATALOG_COMPILER_GENERATE_SWIFT_ASSET_SYMBOL_EXTENSIONS = YES;
				CLANG_ANALYZER_NONNULL = YES;
				CLANG_ANALYZER_NUMBER_OBJECT_CONVERSION = YES_AGGRESSIVE;
				CLANG_CXX_LANGUAGE_STANDARD = "gnu++20";
				CLANG_ENABLE_MODULES = YES;
				CLANG_ENABLE_OBJC_ARC = YES;
				CLANG_ENABLE_OBJC_WEAK = YES;
				CLANG_WARN_BLOCK_CAPTURE_AUTORELEASING = YES;
				CLANG_WARN_BOOL_CONVERSION = YES;
				CLANG_WARN_COMMA = YES;
				CLANG_WARN_CONSTANT_CONVERSION = YES;
				CLANG_WARN_DEPRECATED_OBJC_IMPLEMENTATIONS = YES;
				CLANG_WARN_DIRECT_OBJC_ISA_USAGE = YES_ERROR;
				CLANG_WARN_DOCUMENTATION_COMMENTS = YES;
				CLANG_WARN_EMPTY_BODY = YES;
				CLANG_WARN_ENUM_CONVERSION = YES;
				CLANG_WARN_INFINITE_RECURSION = YES;
				CLANG_WARN_INT_CONVERSION = YES;
				CLANG_WARN_NON_LITERAL_NULL_CONVERSION = YES;
				CLANG_WARN_OBJC_IMPLICIT_RETAIN_SELF = YES;
				CLANG_WARN_OBJC_LITERAL_CONVERSION = YES;
				CLANG_WARN_OBJC_ROOT_CLASS = YES_ERROR;
				CLANG_WARN_QUOTED_INCLUDE_IN_FRAMEWORK_HEADER = YES;
				CLANG_WARN_RANGE_LOOP_ANALYSIS = YES;
				CLANG_WARN_STRICT_PROTOTYPES = YES;
				CLANG_WARN_SUSPICIOUS_MOVE = YES;
				CLANG_WARN_UNGUARDED_AVAILABILITY = YES_AGGRESSIVE;
				CLANG_WARN_UNREACHABLE_CODE = YES;
				CLANG_WARN__DUPLICATE_METHOD_MATCH = YES;
				COPY_PHASE_STRIP = NO;
				DEBUG_INFORMATION_FORMAT = "dwarf-with-dsym";
				ENABLE_NS_ASSERTIONS = NO;
				ENABLE_STRICT_OBJC_MSGSEND = YES;
				ENABLE_USER_SCRIPT_SANDBOXING = NO;
				GCC_C_LANGUAGE_STANDARD = gnu17;
				GCC_NO_COMMON_BLOCKS = YES;
				GCC_WARN_64_TO_32_BIT_CONVERSION = YES;
				GCC_WARN_ABOUT_RETURN_TYPE = YES_ERROR;
				GCC_WARN_UNDECLARED_SELECTOR = YES;
				GCC_WARN_UNINITIALIZED_AUTOS = YES_AGGRESSIVE;
				GCC_WARN_UNUSED_FUNCTION = YES;
				GCC_WARN_UNUSED_VARIABLE = YES;
				IPHONEOS_DEPLOYMENT_TARGET = 17.0;
				LOCALIZATION_PREFERS_STRING_CATALOGS = YES;
				MTL_ENABLE_DEBUG_INFO = NO;
				MTL_FAST_MATH = YES;
				SDKROOT = iphoneos;
				SWIFT_COMPILATION_MODE = wholemodule;
				VALIDATE_PRODUCT = YES;
			};
			name = Release;
		};
		F96DA5902B5C0B0000EFAD52 /* Debug */ = {
			isa = XCBuildConfiguration;
			baseConfigurationReference = 20304B05B9D44E057B0C8D5C /* Pods-RecyclingApp.debug.xcconfig */;
			buildSettings = {
				ASSETCATALOG_COMPILER_APPICON_NAME = AppIcon;
				ASSETCATALOG_COMPILER_GLOBAL_ACCENT_COLOR_NAME = AccentColor;
				CODE_SIGN_STYLE = Automatic;
				CURRENT_PROJECT_VERSION = 1;
				DEVELOPMENT_TEAM = 6L75R3N23R;
				ENABLE_USER_SCRIPT_SANDBOXING = NO;
				GENERATE_INFOPLIST_FILE = YES;
				INFOPLIST_FILE = RecyclingApp/Info.plist;
				INFOPLIST_KEY_UIApplicationSupportsIndirectInputEvents = YES;
				INFOPLIST_KEY_UILaunchStoryboardName = LaunchScreen;
				INFOPLIST_KEY_UIMainStoryboardFile = Main;
				INFOPLIST_KEY_UISupportedInterfaceOrientations_iPad = "UIInterfaceOrientationPortrait UIInterfaceOrientationPortraitUpsideDown UIInterfaceOrientationLandscapeLeft UIInterfaceOrientationLandscapeRight";
				INFOPLIST_KEY_UISupportedInterfaceOrientations_iPhone = "UIInterfaceOrientationPortrait UIInterfaceOrientationLandscapeLeft UIInterfaceOrientationLandscapeRight";
				LD_RUNPATH_SEARCH_PATHS = (
					"$(inherited)",
					"@executable_path/Frameworks",
				);
				MARKETING_VERSION = 1.0;
				PRODUCT_BUNDLE_IDENTIFIER = kuzevanov.RecyclingApp;
				PRODUCT_NAME = "$(TARGET_NAME)";
				SWIFT_EMIT_LOC_STRINGS = YES;
				SWIFT_VERSION = 5.0;
				TARGETED_DEVICE_FAMILY = 1;
			};
			name = Debug;
		};
		F96DA5912B5C0B0000EFAD52 /* Release */ = {
			isa = XCBuildConfiguration;
			baseConfigurationReference = EF61348A29A328DB4D3CCD78 /* Pods-RecyclingApp.release.xcconfig */;
			buildSettings = {
				ASSETCATALOG_COMPILER_APPICON_NAME = AppIcon;
				ASSETCATALOG_COMPILER_GLOBAL_ACCENT_COLOR_NAME = AccentColor;
				CODE_SIGN_STYLE = Automatic;
				CURRENT_PROJECT_VERSION = 1;
				DEVELOPMENT_TEAM = 6L75R3N23R;
				ENABLE_USER_SCRIPT_SANDBOXING = NO;
				GENERATE_INFOPLIST_FILE = YES;
				INFOPLIST_FILE = RecyclingApp/Info.plist;
				INFOPLIST_KEY_UIApplicationSupportsIndirectInputEvents = YES;
				INFOPLIST_KEY_UILaunchStoryboardName = LaunchScreen;
				INFOPLIST_KEY_UIMainStoryboardFile = Main;
				INFOPLIST_KEY_UISupportedInterfaceOrientations_iPad = "UIInterfaceOrientationPortrait UIInterfaceOrientationPortraitUpsideDown UIInterfaceOrientationLandscapeLeft UIInterfaceOrientationLandscapeRight";
				INFOPLIST_KEY_UISupportedInterfaceOrientations_iPhone = "UIInterfaceOrientationPortrait UIInterfaceOrientationLandscapeLeft UIInterfaceOrientationLandscapeRight";
				LD_RUNPATH_SEARCH_PATHS = (
					"$(inherited)",
					"@executable_path/Frameworks",
				);
				MARKETING_VERSION = 1.0;
				PRODUCT_BUNDLE_IDENTIFIER = kuzevanov.RecyclingApp;
				PRODUCT_NAME = "$(TARGET_NAME)";
				SWIFT_EMIT_LOC_STRINGS = YES;
				SWIFT_VERSION = 5.0;
				TARGETED_DEVICE_FAMILY = 1;
			};
			name = Release;
		};
/* End XCBuildConfiguration section */

/* Begin XCConfigurationList section */
		F96DA5762B5C0AFF00EFAD52 /* Build configuration list for PBXProject "RecyclingApp" */ = {
			isa = XCConfigurationList;
			buildConfigurations = (
				F96DA58D2B5C0B0000EFAD52 /* Debug */,
				F96DA58E2B5C0B0000EFAD52 /* Release */,
			);
			defaultConfigurationIsVisible = 0;
			defaultConfigurationName = Release;
		};
		F96DA58F2B5C0B0000EFAD52 /* Build configuration list for PBXNativeTarget "RecyclingApp" */ = {
			isa = XCConfigurationList;
			buildConfigurations = (
				F96DA5902B5C0B0000EFAD52 /* Debug */,
				F96DA5912B5C0B0000EFAD52 /* Release */,
			);
			defaultConfigurationIsVisible = 0;
			defaultConfigurationName = Release;
		};
/* End XCConfigurationList section */
	};
	rootObject = F96DA5732B5C0AFF00EFAD52 /* Project object */;
}
